// !$*UTF8*$!
{
	archiveVersion = 1;
	classes = {
	};
	objectVersion = 56;
	objects = {

/* Begin PBXBuildFile section */
		94D6E889299C2AEA00E1579C /* AppDelegate.swift in Sources */ = {isa = PBXBuildFile; fileRef = 94D6E888299C2AEA00E1579C /* AppDelegate.swift */; };
		94D6E88B299C2AEA00E1579C /* SceneDelegate.swift in Sources */ = {isa = PBXBuildFile; fileRef = 94D6E88A299C2AEA00E1579C /* SceneDelegate.swift */; };
		94D6E88D299C2AEA00E1579C /* ABTabBarController.swift in Sources */ = {isa = PBXBuildFile; fileRef = 94D6E88C299C2AEA00E1579C /* ABTabBarController.swift */; };
		94D6E892299C2AED00E1579C /* Assets.xcassets in Resources */ = {isa = PBXBuildFile; fileRef = 94D6E891299C2AED00E1579C /* Assets.xcassets */; };
		94D6E895299C2AED00E1579C /* LaunchScreen.storyboard in Resources */ = {isa = PBXBuildFile; fileRef = 94D6E893299C2AED00E1579C /* LaunchScreen.storyboard */; };
		94D6E8A4299C312F00E1579C /* ABLocation.swift in Sources */ = {isa = PBXBuildFile; fileRef = 94D6E8A3299C312F00E1579C /* ABLocation.swift */; };
		94D6E8A6299C316700E1579C /* ABCharacter.swift in Sources */ = {isa = PBXBuildFile; fileRef = 94D6E8A5299C316700E1579C /* ABCharacter.swift */; };
		94D6E8A8299C319500E1579C /* ABEpisode.swift in Sources */ = {isa = PBXBuildFile; fileRef = 94D6E8A7299C319500E1579C /* ABEpisode.swift */; };
		94D6E8AB299C32CE00E1579C /* ABCharacterViewController.swift in Sources */ = {isa = PBXBuildFile; fileRef = 94D6E8AA299C32CE00E1579C /* ABCharacterViewController.swift */; };
		94D6E8AD299C330100E1579C /* ABLocationViewController.swift in Sources */ = {isa = PBXBuildFile; fileRef = 94D6E8AC299C330100E1579C /* ABLocationViewController.swift */; };
		94D6E8AF299C332C00E1579C /* ABEpisodeViewController.swift in Sources */ = {isa = PBXBuildFile; fileRef = 94D6E8AE299C332C00E1579C /* ABEpisodeViewController.swift */; };
		94D6E8B1299C334700E1579C /* ABSettingsViewController.swift in Sources */ = {isa = PBXBuildFile; fileRef = 94D6E8B0299C334700E1579C /* ABSettingsViewController.swift */; };
		94D6E8B3299C479800E1579C /* ABService.swift in Sources */ = {isa = PBXBuildFile; fileRef = 94D6E8B2299C479800E1579C /* ABService.swift */; };
		94D6E8B5299C47B900E1579C /* ABRequest.swift in Sources */ = {isa = PBXBuildFile; fileRef = 94D6E8B4299C47B900E1579C /* ABRequest.swift */; };
		94D6E8B7299C491600E1579C /* ABEndpoint.swift in Sources */ = {isa = PBXBuildFile; fileRef = 94D6E8B6299C491600E1579C /* ABEndpoint.swift */; };
		94FD1255299D7C5A00A2E83F /* ABOrigin.swift in Sources */ = {isa = PBXBuildFile; fileRef = 94FD1254299D7C5A00A2E83F /* ABOrigin.swift */; };
		94FD1257299D7D6700A2E83F /* ABSingleLocation.swift in Sources */ = {isa = PBXBuildFile; fileRef = 94FD1256299D7D6700A2E83F /* ABSingleLocation.swift */; };
		94FD1259299D7F6900A2E83F /* ABCharacterStatus.swift in Sources */ = {isa = PBXBuildFile; fileRef = 94FD1258299D7F6900A2E83F /* ABCharacterStatus.swift */; };
		94FD125B299D800A00A2E83F /* ABCharacterGender.swift in Sources */ = {isa = PBXBuildFile; fileRef = 94FD125A299D800A00A2E83F /* ABCharacterGender.swift */; };
/* End PBXBuildFile section */

/* Begin PBXFileReference section */
		94D6E885299C2AEA00E1579C /* AoifeAndBob.app */ = {isa = PBXFileReference; explicitFileType = wrapper.application; includeInIndex = 0; path = AoifeAndBob.app; sourceTree = BUILT_PRODUCTS_DIR; };
		94D6E888299C2AEA00E1579C /* AppDelegate.swift */ = {isa = PBXFileReference; lastKnownFileType = sourcecode.swift; path = AppDelegate.swift; sourceTree = "<group>"; };
		94D6E88A299C2AEA00E1579C /* SceneDelegate.swift */ = {isa = PBXFileReference; lastKnownFileType = sourcecode.swift; path = SceneDelegate.swift; sourceTree = "<group>"; };
		94D6E88C299C2AEA00E1579C /* ABTabBarController.swift */ = {isa = PBXFileReference; lastKnownFileType = sourcecode.swift; path = ABTabBarController.swift; sourceTree = "<group>"; };
		94D6E891299C2AED00E1579C /* Assets.xcassets */ = {isa = PBXFileReference; lastKnownFileType = folder.assetcatalog; path = Assets.xcassets; sourceTree = "<group>"; };
		94D6E894299C2AED00E1579C /* Base */ = {isa = PBXFileReference; lastKnownFileType = file.storyboard; name = Base; path = Base.lproj/LaunchScreen.storyboard; sourceTree = "<group>"; };
		94D6E896299C2AED00E1579C /* Info.plist */ = {isa = PBXFileReference; lastKnownFileType = text.plist.xml; path = Info.plist; sourceTree = "<group>"; };
		94D6E8A3299C312F00E1579C /* ABLocation.swift */ = {isa = PBXFileReference; lastKnownFileType = sourcecode.swift; path = ABLocation.swift; sourceTree = "<group>"; };
		94D6E8A5299C316700E1579C /* ABCharacter.swift */ = {isa = PBXFileReference; lastKnownFileType = sourcecode.swift; path = ABCharacter.swift; sourceTree = "<group>"; };
		94D6E8A7299C319500E1579C /* ABEpisode.swift */ = {isa = PBXFileReference; lastKnownFileType = sourcecode.swift; path = ABEpisode.swift; sourceTree = "<group>"; };
		94D6E8AA299C32CE00E1579C /* ABCharacterViewController.swift */ = {isa = PBXFileReference; lastKnownFileType = sourcecode.swift; path = ABCharacterViewController.swift; sourceTree = "<group>"; };
		94D6E8AC299C330100E1579C /* ABLocationViewController.swift */ = {isa = PBXFileReference; lastKnownFileType = sourcecode.swift; path = ABLocationViewController.swift; sourceTree = "<group>"; };
		94D6E8AE299C332C00E1579C /* ABEpisodeViewController.swift */ = {isa = PBXFileReference; lastKnownFileType = sourcecode.swift; path = ABEpisodeViewController.swift; sourceTree = "<group>"; };
		94D6E8B0299C334700E1579C /* ABSettingsViewController.swift */ = {isa = PBXFileReference; lastKnownFileType = sourcecode.swift; path = ABSettingsViewController.swift; sourceTree = "<group>"; };
		94D6E8B2299C479800E1579C /* ABService.swift */ = {isa = PBXFileReference; lastKnownFileType = sourcecode.swift; path = ABService.swift; sourceTree = "<group>"; };
		94D6E8B4299C47B900E1579C /* ABRequest.swift */ = {isa = PBXFileReference; lastKnownFileType = sourcecode.swift; path = ABRequest.swift; sourceTree = "<group>"; };
		94D6E8B6299C491600E1579C /* ABEndpoint.swift */ = {isa = PBXFileReference; lastKnownFileType = sourcecode.swift; path = ABEndpoint.swift; sourceTree = "<group>"; };
		94FD1254299D7C5A00A2E83F /* ABOrigin.swift */ = {isa = PBXFileReference; lastKnownFileType = sourcecode.swift; path = ABOrigin.swift; sourceTree = "<group>"; };
		94FD1256299D7D6700A2E83F /* ABSingleLocation.swift */ = {isa = PBXFileReference; lastKnownFileType = sourcecode.swift; path = ABSingleLocation.swift; sourceTree = "<group>"; };
		94FD1258299D7F6900A2E83F /* ABCharacterStatus.swift */ = {isa = PBXFileReference; lastKnownFileType = sourcecode.swift; path = ABCharacterStatus.swift; sourceTree = "<group>"; };
		94FD125A299D800A00A2E83F /* ABCharacterGender.swift */ = {isa = PBXFileReference; lastKnownFileType = sourcecode.swift; path = ABCharacterGender.swift; sourceTree = "<group>"; };
/* End PBXFileReference section */

/* Begin PBXFrameworksBuildPhase section */
		94D6E882299C2AEA00E1579C /* Frameworks */ = {
			isa = PBXFrameworksBuildPhase;
			buildActionMask = 2147483647;
			files = (
			);
			runOnlyForDeploymentPostprocessing = 0;
		};
/* End PBXFrameworksBuildPhase section */

/* Begin PBXGroup section */
		94D6E87C299C2AEA00E1579C = {
			isa = PBXGroup;
			children = (
				94D6E887299C2AEA00E1579C /* AoifeAndBob */,
				94D6E886299C2AEA00E1579C /* Products */,
			);
			sourceTree = "<group>";
		};
		94D6E886299C2AEA00E1579C /* Products */ = {
			isa = PBXGroup;
			children = (
				94D6E885299C2AEA00E1579C /* AoifeAndBob.app */,
			);
			name = Products;
			sourceTree = "<group>";
		};
		94D6E887299C2AEA00E1579C /* AoifeAndBob */ = {
			isa = PBXGroup;
			children = (
				94D6E8A2299C300B00E1579C /* Resources */,
				94D6E8A1299C2FF100E1579C /* APIClient */,
				94D6E8A0299C2FDB00E1579C /* Managers */,
				94D6E89F299C2FB900E1579C /* ViewModels */,
				94D6E89E299C2FA800E1579C /* Views */,
				94D6E89D299C2F9500E1579C /* Models */,
				94D6E89C299C2F8200E1579C /* Controllers */,
				94D6E896299C2AED00E1579C /* Info.plist */,
			);
			path = AoifeAndBob;
			sourceTree = "<group>";
		};
		94D6E89C299C2F8200E1579C /* Controllers */ = {
			isa = PBXGroup;
			children = (
				94D6E8A9299C324300E1579C /* Core */,
			);
			path = Controllers;
			sourceTree = "<group>";
		};
		94D6E89D299C2F9500E1579C /* Models */ = {
			isa = PBXGroup;
			children = (
				94D6E8A3299C312F00E1579C /* ABLocation.swift */,
				94D6E8A5299C316700E1579C /* ABCharacter.swift */,
				94FD1258299D7F6900A2E83F /* ABCharacterStatus.swift */,
				94D6E8A7299C319500E1579C /* ABEpisode.swift */,
				94FD1254299D7C5A00A2E83F /* ABOrigin.swift */,
				94FD1256299D7D6700A2E83F /* ABSingleLocation.swift */,
				94FD125A299D800A00A2E83F /* ABCharacterGender.swift */,
			);
			path = Models;
			sourceTree = "<group>";
		};
		94D6E89E299C2FA800E1579C /* Views */ = {
			isa = PBXGroup;
			children = (
			);
			path = Views;
			sourceTree = "<group>";
		};
		94D6E89F299C2FB900E1579C /* ViewModels */ = {
			isa = PBXGroup;
			children = (
			);
			path = ViewModels;
			sourceTree = "<group>";
		};
		94D6E8A0299C2FDB00E1579C /* Managers */ = {
			isa = PBXGroup;
			children = (
			);
			path = Managers;
			sourceTree = "<group>";
		};
		94D6E8A1299C2FF100E1579C /* APIClient */ = {
			isa = PBXGroup;
			children = (
				94D6E8B2299C479800E1579C /* ABService.swift */,
				94D6E8B4299C47B900E1579C /* ABRequest.swift */,
				94D6E8B6299C491600E1579C /* ABEndpoint.swift */,
			);
			path = APIClient;
			sourceTree = "<group>";
		};
		94D6E8A2299C300B00E1579C /* Resources */ = {
			isa = PBXGroup;
			children = (
				94D6E891299C2AED00E1579C /* Assets.xcassets */,
				94D6E893299C2AED00E1579C /* LaunchScreen.storyboard */,
				94D6E888299C2AEA00E1579C /* AppDelegate.swift */,
				94D6E88A299C2AEA00E1579C /* SceneDelegate.swift */,
			);
			path = Resources;
			sourceTree = "<group>";
		};
		94D6E8A9299C324300E1579C /* Core */ = {
			isa = PBXGroup;
			children = (
				94D6E88C299C2AEA00E1579C /* ABTabBarController.swift */,
				94D6E8AA299C32CE00E1579C /* ABCharacterViewController.swift */,
				94D6E8AC299C330100E1579C /* ABLocationViewController.swift */,
				94D6E8AE299C332C00E1579C /* ABEpisodeViewController.swift */,
				94D6E8B0299C334700E1579C /* ABSettingsViewController.swift */,
			);
			path = Core;
			sourceTree = "<group>";
		};
/* End PBXGroup section */

/* Begin PBXNativeTarget section */
		94D6E884299C2AEA00E1579C /* AoifeAndBob */ = {
			isa = PBXNativeTarget;
			buildConfigurationList = 94D6E899299C2AED00E1579C /* Build configuration list for PBXNativeTarget "AoifeAndBob" */;
			buildPhases = (
				94D6E881299C2AEA00E1579C /* Sources */,
				94D6E882299C2AEA00E1579C /* Frameworks */,
				94D6E883299C2AEA00E1579C /* Resources */,
			);
			buildRules = (
			);
			dependencies = (
			);
			name = AoifeAndBob;
			productName = AoifeAndBob;
			productReference = 94D6E885299C2AEA00E1579C /* AoifeAndBob.app */;
			productType = "com.apple.product-type.application";
		};
/* End PBXNativeTarget section */

/* Begin PBXProject section */
		94D6E87D299C2AEA00E1579C /* Project object */ = {
			isa = PBXProject;
			attributes = {
				BuildIndependentTargetsInParallel = 1;
				LastSwiftUpdateCheck = 1420;
				LastUpgradeCheck = 1420;
				TargetAttributes = {
					94D6E884299C2AEA00E1579C = {
						CreatedOnToolsVersion = 14.2;
					};
				};
			};
			buildConfigurationList = 94D6E880299C2AEA00E1579C /* Build configuration list for PBXProject "AoifeAndBob" */;
			compatibilityVersion = "Xcode 14.0";
			developmentRegion = en;
			hasScannedForEncodings = 0;
			knownRegions = (
				en,
				Base,
			);
			mainGroup = 94D6E87C299C2AEA00E1579C;
			productRefGroup = 94D6E886299C2AEA00E1579C /* Products */;
			projectDirPath = "";
			projectRoot = "";
			targets = (
				94D6E884299C2AEA00E1579C /* AoifeAndBob */,
			);
		};
/* End PBXProject section */

/* Begin PBXResourcesBuildPhase section */
		94D6E883299C2AEA00E1579C /* Resources */ = {
			isa = PBXResourcesBuildPhase;
			buildActionMask = 2147483647;
			files = (
				94D6E895299C2AED00E1579C /* LaunchScreen.storyboard in Resources */,
				94D6E892299C2AED00E1579C /* Assets.xcassets in Resources */,
			);
			runOnlyForDeploymentPostprocessing = 0;
		};
/* End PBXResourcesBuildPhase section */

/* Begin PBXSourcesBuildPhase section */
		94D6E881299C2AEA00E1579C /* Sources */ = {
			isa = PBXSourcesBuildPhase;
			buildActionMask = 2147483647;
			files = (
				94FD125B299D800A00A2E83F /* ABCharacterGender.swift in Sources */,
				94FD1259299D7F6900A2E83F /* ABCharacterStatus.swift in Sources */,
				94D6E8A8299C319500E1579C /* ABEpisode.swift in Sources */,
				94D6E8A6299C316700E1579C /* ABCharacter.swift in Sources */,
				94D6E8B7299C491600E1579C /* ABEndpoint.swift in Sources */,
				94D6E8B1299C334700E1579C /* ABSettingsViewController.swift in Sources */,
				94D6E88D299C2AEA00E1579C /* ABTabBarController.swift in Sources */,
				94D6E8AB299C32CE00E1579C /* ABCharacterViewController.swift in Sources */,
				94D6E8AD299C330100E1579C /* ABLocationViewController.swift in Sources */,
				94D6E8B5299C47B900E1579C /* ABRequest.swift in Sources */,
				94D6E889299C2AEA00E1579C /* AppDelegate.swift in Sources */,
				94D6E88B299C2AEA00E1579C /* SceneDelegate.swift in Sources */,
				94D6E8A4299C312F00E1579C /* ABLocation.swift in Sources */,
				94D6E8AF299C332C00E1579C /* ABEpisodeViewController.swift in Sources */,
				94FD1255299D7C5A00A2E83F /* ABOrigin.swift in Sources */,
				94FD1257299D7D6700A2E83F /* ABSingleLocation.swift in Sources */,
				94D6E8B3299C479800E1579C /* ABService.swift in Sources */,
			);
			runOnlyForDeploymentPostprocessing = 0;
		};
/* End PBXSourcesBuildPhase section */

/* Begin PBXVariantGroup section */
		94D6E893299C2AED00E1579C /* LaunchScreen.storyboard */ = {
			isa = PBXVariantGroup;
			children = (
				94D6E894299C2AED00E1579C /* Base */,
			);
			name = LaunchScreen.storyboard;
			sourceTree = "<group>";
		};
/* End PBXVariantGroup section */

/* Begin XCBuildConfiguration section */
		94D6E897299C2AED00E1579C /* Debug */ = {
			isa = XCBuildConfiguration;
			buildSettings = {
				ALWAYS_SEARCH_USER_PATHS = NO;
				CLANG_ANALYZER_NONNULL = YES;
				CLANG_ANALYZER_NUMBER_OBJECT_CONVERSION = YES_AGGRESSIVE;
				CLANG_CXX_LANGUAGE_STANDARD = "gnu++20";
				CLANG_ENABLE_MODULES = YES;
				CLANG_ENABLE_OBJC_ARC = YES;
				CLANG_ENABLE_OBJC_WEAK = YES;
				CLANG_WARN_BLOCK_CAPTURE_AUTORELEASING = YES;
				CLANG_WARN_BOOL_CONVERSION = YES;
				CLANG_WARN_COMMA = YES;
				CLANG_WARN_CONSTANT_CONVERSION = YES;
				CLANG_WARN_DEPRECATED_OBJC_IMPLEMENTATIONS = YES;
				CLANG_WARN_DIRECT_OBJC_ISA_USAGE = YES_ERROR;
				CLANG_WARN_DOCUMENTATION_COMMENTS = YES;
				CLANG_WARN_EMPTY_BODY = YES;
				CLANG_WARN_ENUM_CONVERSION = YES;
				CLANG_WARN_INFINITE_RECURSION = YES;
				CLANG_WARN_INT_CONVERSION = YES;
				CLANG_WARN_NON_LITERAL_NULL_CONVERSION = YES;
				CLANG_WARN_OBJC_IMPLICIT_RETAIN_SELF = YES;
				CLANG_WARN_OBJC_LITERAL_CONVERSION = YES;
				CLANG_WARN_OBJC_ROOT_CLASS = YES_ERROR;
				CLANG_WARN_QUOTED_INCLUDE_IN_FRAMEWORK_HEADER = YES;
				CLANG_WARN_RANGE_LOOP_ANALYSIS = YES;
				CLANG_WARN_STRICT_PROTOTYPES = YES;
				CLANG_WARN_SUSPICIOUS_MOVE = YES;
				CLANG_WARN_UNGUARDED_AVAILABILITY = YES_AGGRESSIVE;
				CLANG_WARN_UNREACHABLE_CODE = YES;
				CLANG_WARN__DUPLICATE_METHOD_MATCH = YES;
				COPY_PHASE_STRIP = NO;
				DEBUG_INFORMATION_FORMAT = dwarf;
				ENABLE_STRICT_OBJC_MSGSEND = YES;
				ENABLE_TESTABILITY = YES;
				GCC_C_LANGUAGE_STANDARD = gnu11;
				GCC_DYNAMIC_NO_PIC = NO;
				GCC_NO_COMMON_BLOCKS = YES;
				GCC_OPTIMIZATION_LEVEL = 0;
				GCC_PREPROCESSOR_DEFINITIONS = (
					"DEBUG=1",
					"$(inherited)",
				);
				GCC_WARN_64_TO_32_BIT_CONVERSION = YES;
				GCC_WARN_ABOUT_RETURN_TYPE = YES_ERROR;
				GCC_WARN_UNDECLARED_SELECTOR = YES;
				GCC_WARN_UNINITIALIZED_AUTOS = YES_AGGRESSIVE;
				GCC_WARN_UNUSED_FUNCTION = YES;
				GCC_WARN_UNUSED_VARIABLE = YES;
				IPHONEOS_DEPLOYMENT_TARGET = 16.2;
				MTL_ENABLE_DEBUG_INFO = INCLUDE_SOURCE;
				MTL_FAST_MATH = YES;
				ONLY_ACTIVE_ARCH = YES;
				SDKROOT = iphoneos;
				SWIFT_ACTIVE_COMPILATION_CONDITIONS = DEBUG;
				SWIFT_OPTIMIZATION_LEVEL = "-Onone";
			};
			name = Debug;
		};
		94D6E898299C2AED00E1579C /* Release */ = {
			isa = XCBuildConfiguration;
			buildSettings = {
				ALWAYS_SEARCH_USER_PATHS = NO;
				CLANG_ANALYZER_NONNULL = YES;
				CLANG_ANALYZER_NUMBER_OBJECT_CONVERSION = YES_AGGRESSIVE;
				CLANG_CXX_LANGUAGE_STANDARD = "gnu++20";
				CLANG_ENABLE_MODULES = YES;
				CLANG_ENABLE_OBJC_ARC = YES;
				CLANG_ENABLE_OBJC_WEAK = YES;
				CLANG_WARN_BLOCK_CAPTURE_AUTORELEASING = YES;
				CLANG_WARN_BOOL_CONVERSION = YES;
				CLANG_WARN_COMMA = YES;
				CLANG_WARN_CONSTANT_CONVERSION = YES;
				CLANG_WARN_DEPRECATED_OBJC_IMPLEMENTATIONS = YES;
				CLANG_WARN_DIRECT_OBJC_ISA_USAGE = YES_ERROR;
				CLANG_WARN_DOCUMENTATION_COMMENTS = YES;
				CLANG_WARN_EMPTY_BODY = YES;
				CLANG_WARN_ENUM_CONVERSION = YES;
				CLANG_WARN_INFINITE_RECURSION = YES;
				CLANG_WARN_INT_CONVERSION = YES;
				CLANG_WARN_NON_LITERAL_NULL_CONVERSION = YES;
				CLANG_WARN_OBJC_IMPLICIT_RETAIN_SELF = YES;
				CLANG_WARN_OBJC_LITERAL_CONVERSION = YES;
				CLANG_WARN_OBJC_ROOT_CLASS = YES_ERROR;
				CLANG_WARN_QUOTED_INCLUDE_IN_FRAMEWORK_HEADER = YES;
				CLANG_WARN_RANGE_LOOP_ANALYSIS = YES;
				CLANG_WARN_STRICT_PROTOTYPES = YES;
				CLANG_WARN_SUSPICIOUS_MOVE = YES;
				CLANG_WARN_UNGUARDED_AVAILABILITY = YES_AGGRESSIVE;
				CLANG_WARN_UNREACHABLE_CODE = YES;
				CLANG_WARN__DUPLICATE_METHOD_MATCH = YES;
				COPY_PHASE_STRIP = NO;
				DEBUG_INFORMATION_FORMAT = "dwarf-with-dsym";
				ENABLE_NS_ASSERTIONS = NO;
				ENABLE_STRICT_OBJC_MSGSEND = YES;
				GCC_C_LANGUAGE_STANDARD = gnu11;
				GCC_NO_COMMON_BLOCKS = YES;
				GCC_WARN_64_TO_32_BIT_CONVERSION = YES;
				GCC_WARN_ABOUT_RETURN_TYPE = YES_ERROR;
				GCC_WARN_UNDECLARED_SELECTOR = YES;
				GCC_WARN_UNINITIALIZED_AUTOS = YES_AGGRESSIVE;
				GCC_WARN_UNUSED_FUNCTION = YES;
				GCC_WARN_UNUSED_VARIABLE = YES;
				IPHONEOS_DEPLOYMENT_TARGET = 16.2;
				MTL_ENABLE_DEBUG_INFO = NO;
				MTL_FAST_MATH = YES;
				SDKROOT = iphoneos;
				SWIFT_COMPILATION_MODE = wholemodule;
				SWIFT_OPTIMIZATION_LEVEL = "-O";
				VALIDATE_PRODUCT = YES;
			};
			name = Release;
		};
		94D6E89A299C2AED00E1579C /* Debug */ = {
			isa = XCBuildConfiguration;
			buildSettings = {
				ASSETCATALOG_COMPILER_APPICON_NAME = AppIcon;
				ASSETCATALOG_COMPILER_GLOBAL_ACCENT_COLOR_NAME = AccentColor;
				CODE_SIGN_STYLE = Automatic;
				CURRENT_PROJECT_VERSION = 1;
				DEVELOPMENT_TEAM = 5J5Q75GSLG;
				GENERATE_INFOPLIST_FILE = YES;
				INFOPLIST_FILE = AoifeAndBob/Info.plist;
				INFOPLIST_KEY_UIApplicationSupportsIndirectInputEvents = YES;
				INFOPLIST_KEY_UILaunchStoryboardName = LaunchScreen;
				INFOPLIST_KEY_UISupportedInterfaceOrientations_iPad = "UIInterfaceOrientationPortrait UIInterfaceOrientationPortraitUpsideDown UIInterfaceOrientationLandscapeLeft UIInterfaceOrientationLandscapeRight";
				INFOPLIST_KEY_UISupportedInterfaceOrientations_iPhone = "UIInterfaceOrientationPortrait UIInterfaceOrientationLandscapeLeft UIInterfaceOrientationLandscapeRight";
				LD_RUNPATH_SEARCH_PATHS = (
					"$(inherited)",
					"@executable_path/Frameworks",
				);
				MARKETING_VERSION = 1.0;
				PRODUCT_BUNDLE_IDENTIFIER = com.nsuisce.AoifeAndBob;
				PRODUCT_NAME = "$(TARGET_NAME)";
				SWIFT_EMIT_LOC_STRINGS = YES;
				SWIFT_VERSION = 5.0;
				TARGETED_DEVICE_FAMILY = "1,2";
			};
			name = Debug;
		};
		94D6E89B299C2AED00E1579C /* Release */ = {
			isa = XCBuildConfiguration;
			buildSettings = {
				ASSETCATALOG_COMPILER_APPICON_NAME = AppIcon;
				ASSETCATALOG_COMPILER_GLOBAL_ACCENT_COLOR_NAME = AccentColor;
				CODE_SIGN_STYLE = Automatic;
				CURRENT_PROJECT_VERSION = 1;
				DEVELOPMENT_TEAM = 5J5Q75GSLG;
				GENERATE_INFOPLIST_FILE = YES;
				INFOPLIST_FILE = AoifeAndBob/Info.plist;
				INFOPLIST_KEY_UIApplicationSupportsIndirectInputEvents = YES;
				INFOPLIST_KEY_UILaunchStoryboardName = LaunchScreen;
				INFOPLIST_KEY_UISupportedInterfaceOrientations_iPad = "UIInterfaceOrientationPortrait UIInterfaceOrientationPortraitUpsideDown UIInterfaceOrientationLandscapeLeft UIInterfaceOrientationLandscapeRight";
				INFOPLIST_KEY_UISupportedInterfaceOrientations_iPhone = "UIInterfaceOrientationPortrait UIInterfaceOrientationLandscapeLeft UIInterfaceOrientationLandscapeRight";
				LD_RUNPATH_SEARCH_PATHS = (
					"$(inherited)",
					"@executable_path/Frameworks",
				);
				MARKETING_VERSION = 1.0;
				PRODUCT_BUNDLE_IDENTIFIER = com.nsuisce.AoifeAndBob;
				PRODUCT_NAME = "$(TARGET_NAME)";
				SWIFT_EMIT_LOC_STRINGS = YES;
				SWIFT_VERSION = 5.0;
				TARGETED_DEVICE_FAMILY = "1,2";
			};
			name = Release;
		};
/* End XCBuildConfiguration section */

/* Begin XCConfigurationList section */
		94D6E880299C2AEA00E1579C /* Build configuration list for PBXProject "AoifeAndBob" */ = {
			isa = XCConfigurationList;
			buildConfigurations = (
				94D6E897299C2AED00E1579C /* Debug */,
				94D6E898299C2AED00E1579C /* Release */,
			);
			defaultConfigurationIsVisible = 0;
			defaultConfigurationName = Release;
		};
		94D6E899299C2AED00E1579C /* Build configuration list for PBXNativeTarget "AoifeAndBob" */ = {
			isa = XCConfigurationList;
			buildConfigurations = (
				94D6E89A299C2AED00E1579C /* Debug */,
				94D6E89B299C2AED00E1579C /* Release */,
			);
			defaultConfigurationIsVisible = 0;
			defaultConfigurationName = Release;
		};
/* End XCConfigurationList section */
	};
	rootObject = 94D6E87D299C2AEA00E1579C /* Project object */;
}
